
Microsoft Visual Studio Solution File, Format Version 12.00
# Visual Studio 15
Project("{FAE04EC0-301F-11D3-BF4B-00C04F79EFBC}") = "Skyworth.Interaction", "Skyworth.Interaction.csproj", "{31ED8CD9-43A5-96FF-EB6E-EA0D21702747}"
EndProject
Project("{FAE04EC0-301F-11D3-BF4B-00C04F79EFBC}") = "Assembly-CSharp", "Assembly-CSharp.csproj", "{C3AA70E9-D52E-EC4B-2798-D49ED0F6540E}"
EndProject
Project("{FAE04EC0-301F-11D3-BF4B-00C04F79EFBC}") = "Skyworth.Keyboard", "Skyworth.Keyboard.csproj", "{E9D1F790-4D2B-B401-3E31-F2D440F399DF}"
EndProject
Project("{FAE04EC0-301F-11D3-BF4B-00C04F79EFBC}") = "Skyworth.Interaction.Editor", "Skyworth.Interaction.Editor.csproj", "{8E4B0FE3-8C8B-089D-5A3D-041B27FC16BB}"
EndProject
Project("{FAE04EC0-301F-11D3-BF4B-00C04F79EFBC}") = "Skyworth.Keyboard.Editor", "Skyworth.Keyboard.Editor.csproj", "{01362561-6A19-C1E0-D197-A00790F73865}"
EndProject
Global
	GlobalSection(SolutionConfigurationPlatforms) = preSolution
		Debug|Any CPU = Debug|Any CPU
		Release|Any CPU = Release|Any CPU
	EndGlobalSection
	GlobalSection(ProjectConfigurationPlatforms) = postSolution
		{31ED8CD9-43A5-96FF-EB6E-EA0D21702747}.Debug|Any CPU.ActiveCfg = Debug|Any CPU
		{31ED8CD9-43A5-96FF-EB6E-EA0D21702747}.Debug|Any CPU.Build.0 = Debug|Any CPU
		{31ED8CD9-43A5-96FF-EB6E-EA0D21702747}.Release|Any CPU.ActiveCfg = Release|Any CPU
		{31ED8CD9-43A5-96FF-EB6E-EA0D21702747}.Release|Any CPU.Build.0 = Release|Any CPU
		{C3AA70E9-D52E-EC4B-2798-D49ED0F6540E}.Debug|Any CPU.ActiveCfg = Debug|Any CPU
		{C3AA70E9-D52E-EC4B-2798-D49ED0F6540E}.Debug|Any CPU.Build.0 = Debug|Any CPU
		{C3AA70E9-D52E-EC4B-2798-D49ED0F6540E}.Release|Any CPU.ActiveCfg = Release|Any CPU
		{C3AA70E9-D52E-EC4B-2798-D49ED0F6540E}.Release|Any CPU.Build.0 = Release|Any CPU
		{E9D1F790-4D2B-B401-3E31-F2D440F399DF}.Debug|Any CPU.ActiveCfg = Debug|Any CPU
		{E9D1F790-4D2B-B401-3E31-F2D440F399DF}.Debug|Any CPU.Build.0 = Debug|Any CPU
		{E9D1F790-4D2B-B401-3E31-F2D440F399DF}.Release|Any CPU.ActiveCfg = Release|Any CPU
		{E9D1F790-4D2B-B401-3E31-F2D440F399DF}.Release|Any CPU.Build.0 = Release|Any CPU
		{8E4B0FE3-8C8B-089D-5A3D-041B27FC16BB}.Debug|Any CPU.ActiveCfg = Debug|Any CPU
		{8E4B0FE3-8C8B-089D-5A3D-041B27FC16BB}.Debug|Any CPU.Build.0 = Debug|Any CPU
		{8E4B0FE3-8C8B-089D-5A3D-041B27FC16BB}.Release|Any CPU.ActiveCfg = Release|Any CPU
		{8E4B0FE3-8C8B-089D-5A3D-041B27FC16BB}.Release|Any CPU.Build.0 = Release|Any CPU
		{01362561-6A19-C1E0-D197-A00790F73865}.Debug|Any CPU.ActiveCfg = Debug|Any CPU
		{01362561-6A19-C1E0-D197-A00790F73865}.Debug|Any CPU.Build.0 = Debug|Any CPU
		{01362561-6A19-C1E0-D197-A00790F73865}.Release|Any CPU.ActiveCfg = Release|Any CPU
		{01362561-6A19-C1E0-D197-A00790F73865}.Release|Any CPU.Build.0 = Release|Any CPU
	EndGlobalSection
	GlobalSection(SolutionProperties) = preSolution
		HideSolutionNode = FALSE
	EndGlobalSection
EndGlobal
